// !$*UTF8*$!
{
	archiveVersion = 1;
	classes = {
	};
	objectVersion = 55;
	objects = {

/* Begin PBXBuildFile section */
		612A4E72276096E6005590CF /* SignInViewController.swift in Sources */ = {isa = PBXBuildFile; fileRef = 612A4E71276096E6005590CF /* SignInViewController.swift */; };
		61843E3A2761D7DF00EEB8A1 /* ForgotPWViewController.swift in Sources */ = {isa = PBXBuildFile; fileRef = 61843E392761D7DF00EEB8A1 /* ForgotPWViewController.swift */; };
		61843E3C2761E15400EEB8A1 /* SignUpViewController.swift in Sources */ = {isa = PBXBuildFile; fileRef = 61843E3B2761E15400EEB8A1 /* SignUpViewController.swift */; };
		6186E6A72761F61B00A0B6EE /* ProfileSignUpViewController.swift in Sources */ = {isa = PBXBuildFile; fileRef = 6186E6A62761F61B00A0B6EE /* ProfileSignUpViewController.swift */; };
		61DDE009275F75A100D12010 /* AppDelegate.swift in Sources */ = {isa = PBXBuildFile; fileRef = 61DDE008275F75A100D12010 /* AppDelegate.swift */; };
		61DDE00B275F75A100D12010 /* SceneDelegate.swift in Sources */ = {isa = PBXBuildFile; fileRef = 61DDE00A275F75A100D12010 /* SceneDelegate.swift */; };
		61DDE00D275F75A100D12010 /* ViewController.swift in Sources */ = {isa = PBXBuildFile; fileRef = 61DDE00C275F75A100D12010 /* ViewController.swift */; };
		61DDE010275F75A100D12010 /* Main.storyboard in Resources */ = {isa = PBXBuildFile; fileRef = 61DDE00E275F75A100D12010 /* Main.storyboard */; };
		61DDE012275F75A200D12010 /* Assets.xcassets in Resources */ = {isa = PBXBuildFile; fileRef = 61DDE011275F75A200D12010 /* Assets.xcassets */; };
		61DDE015275F75A200D12010 /* LaunchScreen.storyboard in Resources */ = {isa = PBXBuildFile; fileRef = 61DDE013275F75A200D12010 /* LaunchScreen.storyboard */; };
/* End PBXBuildFile section */

/* Begin PBXFileReference section */
		612A4E71276096E6005590CF /* SignInViewController.swift */ = {isa = PBXFileReference; lastKnownFileType = sourcecode.swift; path = SignInViewController.swift; sourceTree = "<group>"; };
		61843E392761D7DF00EEB8A1 /* ForgotPWViewController.swift */ = {isa = PBXFileReference; lastKnownFileType = sourcecode.swift; path = ForgotPWViewController.swift; sourceTree = "<group>"; };
		61843E3B2761E15400EEB8A1 /* SignUpViewController.swift */ = {isa = PBXFileReference; lastKnownFileType = sourcecode.swift; path = SignUpViewController.swift; sourceTree = "<group>"; };
		6186E6A62761F61B00A0B6EE /* ProfileSignUpViewController.swift */ = {isa = PBXFileReference; lastKnownFileType = sourcecode.swift; path = ProfileSignUpViewController.swift; sourceTree = "<group>"; };
		61DDE005275F75A000D12010 /* delivery_app_authen.app */ = {isa = PBXFileReference; explicitFileType = wrapper.application; includeInIndex = 0; path = delivery_app_authen.app; sourceTree = BUILT_PRODUCTS_DIR; };
		61DDE008275F75A100D12010 /* AppDelegate.swift */ = {isa = PBXFileReference; lastKnownFileType = sourcecode.swift; path = AppDelegate.swift; sourceTree = "<group>"; };
		61DDE00A275F75A100D12010 /* SceneDelegate.swift */ = {isa = PBXFileReference; lastKnownFileType = sourcecode.swift; path = SceneDelegate.swift; sourceTree = "<group>"; };
		61DDE00C275F75A100D12010 /* ViewController.swift */ = {isa = PBXFileReference; lastKnownFileType = sourcecode.swift; path = ViewController.swift; sourceTree = "<group>"; };
		61DDE00F275F75A100D12010 /* Base */ = {isa = PBXFileReference; lastKnownFileType = file.storyboard; name = Base; path = Base.lproj/Main.storyboard; sourceTree = "<group>"; };
		61DDE011275F75A200D12010 /* Assets.xcassets */ = {isa = PBXFileReference; lastKnownFileType = folder.assetcatalog; path = Assets.xcassets; sourceTree = "<group>"; };
		61DDE014275F75A200D12010 /* Base */ = {isa = PBXFileReference; lastKnownFileType = file.storyboard; name = Base; path = Base.lproj/LaunchScreen.storyboard; sourceTree = "<group>"; };
		61DDE016275F75A200D12010 /* Info.plist */ = {isa = PBXFileReference; lastKnownFileType = text.plist.xml; path = Info.plist; sourceTree = "<group>"; };
/* End PBXFileReference section */

/* Begin PBXFrameworksBuildPhase section */
		61DDE002275F75A000D12010 /* Frameworks */ = {
			isa = PBXFrameworksBuildPhase;
			buildActionMask = 2147483647;
			files = (
			);
			runOnlyForDeploymentPostprocessing = 0;
		};
/* End PBXFrameworksBuildPhase section */

/* Begin PBXGroup section */
		61DDDFFC275F75A000D12010 = {
			isa = PBXGroup;
			children = (
				61DDE007275F75A000D12010 /* delivery_app_authen */,
				61DDE006275F75A000D12010 /* Products */,
			);
			sourceTree = "<group>";
		};
		61DDE006275F75A000D12010 /* Products */ = {
			isa = PBXGroup;
			children = (
				61DDE005275F75A000D12010 /* delivery_app_authen.app */,
			);
			name = Products;
			sourceTree = "<group>";
		};
		61DDE007275F75A000D12010 /* delivery_app_authen */ = {
			isa = PBXGroup;
			children = (
				61DDE008275F75A100D12010 /* AppDelegate.swift */,
				61DDE00A275F75A100D12010 /* SceneDelegate.swift */,
				61DDE00C275F75A100D12010 /* ViewController.swift */,
				61DDE00E275F75A100D12010 /* Main.storyboard */,
				612A4E71276096E6005590CF /* SignInViewController.swift */,
				61843E392761D7DF00EEB8A1 /* ForgotPWViewController.swift */,
				61843E3B2761E15400EEB8A1 /* SignUpViewController.swift */,
				6186E6A62761F61B00A0B6EE /* ProfileSignUpViewController.swift */,
				61DDE011275F75A200D12010 /* Assets.xcassets */,
				61DDE013275F75A200D12010 /* LaunchScreen.storyboard */,
				61DDE016275F75A200D12010 /* Info.plist */,
			);
			path = delivery_app_authen;
			sourceTree = "<group>";
		};
/* End PBXGroup section */

/* Begin PBXNativeTarget section */
		61DDE004275F75A000D12010 /* delivery_app_authen */ = {
			isa = PBXNativeTarget;
			buildConfigurationList = 61DDE019275F75A200D12010 /* Build configuration list for PBXNativeTarget "delivery_app_authen" */;
			buildPhases = (
				61DDE001275F75A000D12010 /* Sources */,
				61DDE002275F75A000D12010 /* Frameworks */,
				61DDE003275F75A000D12010 /* Resources */,
			);
			buildRules = (
			);
			dependencies = (
			);
			name = delivery_app_authen;
			productName = delivery_app_authen;
			productReference = 61DDE005275F75A000D12010 /* delivery_app_authen.app */;
			productType = "com.apple.product-type.application";
		};
/* End PBXNativeTarget section */

/* Begin PBXProject section */
		61DDDFFD275F75A000D12010 /* Project object */ = {
			isa = PBXProject;
			attributes = {
				BuildIndependentTargetsInParallel = 1;
				LastSwiftUpdateCheck = 1310;
				LastUpgradeCheck = 1310;
				TargetAttributes = {
					61DDE004275F75A000D12010 = {
						CreatedOnToolsVersion = 13.1;
					};
				};
			};
			buildConfigurationList = 61DDE000275F75A000D12010 /* Build configuration list for PBXProject "delivery_app_authen" */;
			compatibilityVersion = "Xcode 13.0";
			developmentRegion = en;
			hasScannedForEncodings = 0;
			knownRegions = (
				en,
				Base,
			);
			mainGroup = 61DDDFFC275F75A000D12010;
			productRefGroup = 61DDE006275F75A000D12010 /* Products */;
			projectDirPath = "";
			projectRoot = "";
			targets = (
				61DDE004275F75A000D12010 /* delivery_app_authen */,
			);
		};
/* End PBXProject section */

/* Begin PBXResourcesBuildPhase section */
		61DDE003275F75A000D12010 /* Resources */ = {
			isa = PBXResourcesBuildPhase;
			buildActionMask = 2147483647;
			files = (
				61DDE015275F75A200D12010 /* LaunchScreen.storyboard in Resources */,
				61DDE012275F75A200D12010 /* Assets.xcassets in Resources */,
				61DDE010275F75A100D12010 /* Main.storyboard in Resources */,
			);
			runOnlyForDeploymentPostprocessing = 0;
		};
/* End PBXResourcesBuildPhase section */

/* Begin PBXSourcesBuildPhase section */
		61DDE001275F75A000D12010 /* Sources */ = {
			isa = PBXSourcesBuildPhase;
			buildActionMask = 2147483647;
			files = (
				61843E3C2761E15400EEB8A1 /* SignUpViewController.swift in Sources */,
				612A4E72276096E6005590CF /* SignInViewController.swift in Sources */,
				61DDE00D275F75A100D12010 /* ViewController.swift in Sources */,
				6186E6A72761F61B00A0B6EE /* ProfileSignUpViewController.swift in Sources */,
				61DDE009275F75A100D12010 /* AppDelegate.swift in Sources */,
				61843E3A2761D7DF00EEB8A1 /* ForgotPWViewController.swift in Sources */,
				61DDE00B275F75A100D12010 /* SceneDelegate.swift in Sources */,
			);
			runOnlyForDeploymentPostprocessing = 0;
		};
/* End PBXSourcesBuildPhase section */

/* Begin PBXVariantGroup section */
		61DDE00E275F75A100D12010 /* Main.storyboard */ = {
			isa = PBXVariantGroup;
			children = (
				61DDE00F275F75A100D12010 /* Base */,
			);
			name = Main.storyboard;
			sourceTree = "<group>";
		};
		61DDE013275F75A200D12010 /* LaunchScreen.storyboard */ = {
			isa = PBXVariantGroup;
			children = (
				61DDE014275F75A200D12010 /* Base */,
			);
			name = LaunchScreen.storyboard;
			sourceTree = "<group>";
		};
/* End PBXVariantGroup section */

/* Begin XCBuildConfiguration section */
		61DDE017275F75A200D12010 /* Debug */ = {
			isa = XCBuildConfiguration;
			buildSettings = {
				ALWAYS_SEARCH_USER_PATHS = NO;
				CLANG_ANALYZER_NONNULL = YES;
				CLANG_ANALYZER_NUMBER_OBJECT_CONVERSION = YES_AGGRESSIVE;
				CLANG_CXX_LANGUAGE_STANDARD = "gnu++17";
				CLANG_CXX_LIBRARY = "libc++";
				CLANG_ENABLE_MODULES = YES;
				CLANG_ENABLE_OBJC_ARC = YES;
				CLANG_ENABLE_OBJC_WEAK = YES;
				CLANG_WARN_BLOCK_CAPTURE_AUTORELEASING = YES;
				CLANG_WARN_BOOL_CONVERSION = YES;
				CLANG_WARN_COMMA = YES;
				CLANG_WARN_CONSTANT_CONVERSION = YES;
				CLANG_WARN_DEPRECATED_OBJC_IMPLEMENTATIONS = YES;
				CLANG_WARN_DIRECT_OBJC_ISA_USAGE = YES_ERROR;
				CLANG_WARN_DOCUMENTATION_COMMENTS = YES;
				CLANG_WARN_EMPTY_BODY = YES;
				CLANG_WARN_ENUM_CONVERSION = YES;
				CLANG_WARN_INFINITE_RECURSION = YES;
				CLANG_WARN_INT_CONVERSION = YES;
				CLANG_WARN_NON_LITERAL_NULL_CONVERSION = YES;
				CLANG_WARN_OBJC_IMPLICIT_RETAIN_SELF = YES;
				CLANG_WARN_OBJC_LITERAL_CONVERSION = YES;
				CLANG_WARN_OBJC_ROOT_CLASS = YES_ERROR;
				CLANG_WARN_QUOTED_INCLUDE_IN_FRAMEWORK_HEADER = YES;
				CLANG_WARN_RANGE_LOOP_ANALYSIS = YES;
				CLANG_WARN_STRICT_PROTOTYPES = YES;
				CLANG_WARN_SUSPICIOUS_MOVE = YES;
				CLANG_WARN_UNGUARDED_AVAILABILITY = YES_AGGRESSIVE;
				CLANG_WARN_UNREACHABLE_CODE = YES;
				CLANG_WARN__DUPLICATE_METHOD_MATCH = YES;
				COPY_PHASE_STRIP = NO;
				DEBUG_INFORMATION_FORMAT = dwarf;
				ENABLE_STRICT_OBJC_MSGSEND = YES;
				ENABLE_TESTABILITY = YES;
				GCC_C_LANGUAGE_STANDARD = gnu11;
				GCC_DYNAMIC_NO_PIC = NO;
				GCC_NO_COMMON_BLOCKS = YES;
				GCC_OPTIMIZATION_LEVEL = 0;
				GCC_PREPROCESSOR_DEFINITIONS = (
					"DEBUG=1",
					"$(inherited)",
				);
				GCC_WARN_64_TO_32_BIT_CONVERSION = YES;
				GCC_WARN_ABOUT_RETURN_TYPE = YES_ERROR;
				GCC_WARN_UNDECLARED_SELECTOR = YES;
				GCC_WARN_UNINITIALIZED_AUTOS = YES_AGGRESSIVE;
				GCC_WARN_UNUSED_FUNCTION = YES;
				GCC_WARN_UNUSED_VARIABLE = YES;
				IPHONEOS_DEPLOYMENT_TARGET = 15.0;
				MTL_ENABLE_DEBUG_INFO = INCLUDE_SOURCE;
				MTL_FAST_MATH = YES;
				ONLY_ACTIVE_ARCH = YES;
				SDKROOT = iphoneos;
				SWIFT_ACTIVE_COMPILATION_CONDITIONS = DEBUG;
				SWIFT_OPTIMIZATION_LEVEL = "-Onone";
			};
			name = Debug;
		};
		61DDE018275F75A200D12010 /* Release */ = {
			isa = XCBuildConfiguration;
			buildSettings = {
				ALWAYS_SEARCH_USER_PATHS = NO;
				CLANG_ANALYZER_NONNULL = YES;
				CLANG_ANALYZER_NUMBER_OBJECT_CONVERSION = YES_AGGRESSIVE;
				CLANG_CXX_LANGUAGE_STANDARD = "gnu++17";
				CLANG_CXX_LIBRARY = "libc++";
				CLANG_ENABLE_MODULES = YES;
				CLANG_ENABLE_OBJC_ARC = YES;
				CLANG_ENABLE_OBJC_WEAK = YES;
				CLANG_WARN_BLOCK_CAPTURE_AUTORELEASING = YES;
				CLANG_WARN_BOOL_CONVERSION = YES;
				CLANG_WARN_COMMA = YES;
				CLANG_WARN_CONSTANT_CONVERSION = YES;
				CLANG_WARN_DEPRECATED_OBJC_IMPLEMENTATIONS = YES;
				CLANG_WARN_DIRECT_OBJC_ISA_USAGE = YES_ERROR;
				CLANG_WARN_DOCUMENTATION_COMMENTS = YES;
				CLANG_WARN_EMPTY_BODY = YES;
				CLANG_WARN_ENUM_CONVERSION = YES;
				CLANG_WARN_INFINITE_RECURSION = YES;
				CLANG_WARN_INT_CONVERSION = YES;
				CLANG_WARN_NON_LITERAL_NULL_CONVERSION = YES;
				CLANG_WARN_OBJC_IMPLICIT_RETAIN_SELF = YES;
				CLANG_WARN_OBJC_LITERAL_CONVERSION = YES;
				CLANG_WARN_OBJC_ROOT_CLASS = YES_ERROR;
				CLANG_WARN_QUOTED_INCLUDE_IN_FRAMEWORK_HEADER = YES;
				CLANG_WARN_RANGE_LOOP_ANALYSIS = YES;
				CLANG_WARN_STRICT_PROTOTYPES = YES;
				CLANG_WARN_SUSPICIOUS_MOVE = YES;
				CLANG_WARN_UNGUARDED_AVAILABILITY = YES_AGGRESSIVE;
				CLANG_WARN_UNREACHABLE_CODE = YES;
				CLANG_WARN__DUPLICATE_METHOD_MATCH = YES;
				COPY_PHASE_STRIP = NO;
				DEBUG_INFORMATION_FORMAT = "dwarf-with-dsym";
				ENABLE_NS_ASSERTIONS = NO;
				ENABLE_STRICT_OBJC_MSGSEND = YES;
				GCC_C_LANGUAGE_STANDARD = gnu11;
				GCC_NO_COMMON_BLOCKS = YES;
				GCC_WARN_64_TO_32_BIT_CONVERSION = YES;
				GCC_WARN_ABOUT_RETURN_TYPE = YES_ERROR;
				GCC_WARN_UNDECLARED_SELECTOR = YES;
				GCC_WARN_UNINITIALIZED_AUTOS = YES_AGGRESSIVE;
				GCC_WARN_UNUSED_FUNCTION = YES;
				GCC_WARN_UNUSED_VARIABLE = YES;
				IPHONEOS_DEPLOYMENT_TARGET = 15.0;
				MTL_ENABLE_DEBUG_INFO = NO;
				MTL_FAST_MATH = YES;
				SDKROOT = iphoneos;
				SWIFT_COMPILATION_MODE = wholemodule;
				SWIFT_OPTIMIZATION_LEVEL = "-O";
				VALIDATE_PRODUCT = YES;
			};
			name = Release;
		};
		61DDE01A275F75A200D12010 /* Debug */ = {
			isa = XCBuildConfiguration;
			buildSettings = {
				ASSETCATALOG_COMPILER_APPICON_NAME = AppIcon;
				ASSETCATALOG_COMPILER_GLOBAL_ACCENT_COLOR_NAME = AccentColor;
				CODE_SIGN_STYLE = Automatic;
				CURRENT_PROJECT_VERSION = 1;
				DEVELOPMENT_TEAM = XY4K2M386M;
				GENERATE_INFOPLIST_FILE = YES;
				INFOPLIST_FILE = delivery_app_authen/Info.plist;
				INFOPLIST_KEY_UIApplicationSupportsIndirectInputEvents = YES;
				INFOPLIST_KEY_UILaunchStoryboardName = LaunchScreen;
				INFOPLIST_KEY_UIMainStoryboardFile = Main;
				INFOPLIST_KEY_UISupportedInterfaceOrientations_iPad = "UIInterfaceOrientationPortrait UIInterfaceOrientationPortraitUpsideDown UIInterfaceOrientationLandscapeLeft UIInterfaceOrientationLandscapeRight";
				INFOPLIST_KEY_UISupportedInterfaceOrientations_iPhone = "UIInterfaceOrientationPortrait UIInterfaceOrientationLandscapeLeft UIInterfaceOrientationLandscapeRight";
				IPHONEOS_DEPLOYMENT_TARGET = 15.0;
				LD_RUNPATH_SEARCH_PATHS = (
					"$(inherited)",
					"@executable_path/Frameworks",
				);
				MARKETING_VERSION = 1.0;
				PRODUCT_BUNDLE_IDENTIFIER = "Minh-Anh.delivery-app-authen";
				PRODUCT_NAME = "$(TARGET_NAME)";
				SWIFT_EMIT_LOC_STRINGS = YES;
				SWIFT_VERSION = 5.0;
				TARGETED_DEVICE_FAMILY = "1,2";
			};
			name = Debug;
		};
		61DDE01B275F75A200D12010 /* Release */ = {
			isa = XCBuildConfiguration;
			buildSettings = {
				ASSETCATALOG_COMPILER_APPICON_NAME = AppIcon;
				ASSETCATALOG_COMPILER_GLOBAL_ACCENT_COLOR_NAME = AccentColor;
				CODE_SIGN_STYLE = Automatic;
				CURRENT_PROJECT_VERSION = 1;
				DEVELOPMENT_TEAM = XY4K2M386M;
				GENERATE_INFOPLIST_FILE = YES;
				INFOPLIST_FILE = delivery_app_authen/Info.plist;
				INFOPLIST_KEY_UIApplicationSupportsIndirectInputEvents = YES;
				INFOPLIST_KEY_UILaunchStoryboardName = LaunchScreen;
				INFOPLIST_KEY_UIMainStoryboardFile = Main;
				INFOPLIST_KEY_UISupportedInterfaceOrientations_iPad = "UIInterfaceOrientationPortrait UIInterfaceOrientationPortraitUpsideDown UIInterfaceOrientationLandscapeLeft UIInterfaceOrientationLandscapeRight";
				INFOPLIST_KEY_UISupportedInterfaceOrientations_iPhone = "UIInterfaceOrientationPortrait UIInterfaceOrientationLandscapeLeft UIInterfaceOrientationLandscapeRight";
				IPHONEOS_DEPLOYMENT_TARGET = 15.0;
				LD_RUNPATH_SEARCH_PATHS = (
					"$(inherited)",
					"@executable_path/Frameworks",
				);
				MARKETING_VERSION = 1.0;
				PRODUCT_BUNDLE_IDENTIFIER = "Minh-Anh.delivery-app-authen";
				PRODUCT_NAME = "$(TARGET_NAME)";
				SWIFT_EMIT_LOC_STRINGS = YES;
				SWIFT_VERSION = 5.0;
				TARGETED_DEVICE_FAMILY = "1,2";
			};
			name = Release;
		};
/* End XCBuildConfiguration section */

/* Begin XCConfigurationList section */
		61DDE000275F75A000D12010 /* Build configuration list for PBXProject "delivery_app_authen" */ = {
			isa = XCConfigurationList;
			buildConfigurations = (
				61DDE017275F75A200D12010 /* Debug */,
				61DDE018275F75A200D12010 /* Release */,
			);
			defaultConfigurationIsVisible = 0;
			defaultConfigurationName = Release;
		};
		61DDE019275F75A200D12010 /* Build configuration list for PBXNativeTarget "delivery_app_authen" */ = {
			isa = XCConfigurationList;
			buildConfigurations = (
				61DDE01A275F75A200D12010 /* Debug */,
				61DDE01B275F75A200D12010 /* Release */,
			);
			defaultConfigurationIsVisible = 0;
			defaultConfigurationName = Release;
		};
/* End XCConfigurationList section */
	};
	rootObject = 61DDDFFD275F75A000D12010 /* Project object */;
}
